
Microsoft Visual Studio Solution File, Format Version 12.00
# Visual Studio Version 17
VisualStudioVersion = 17.6.33712.159
MinimumVisualStudioVersion = 10.0.40219.1
Project("{FAE04EC0-301F-11D3-BF4B-00C04F79EFBC}") = "Assignment3", "Assignment3.csproj", "{8541D6BA-401A-4D64-AC18-CEB4132C6493}"
EndProject
Global
	GlobalSection(SolutionConfigurationPlatforms) = preSolution
		Debug|Any CPU = Debug|Any CPU
		Release|Any CPU = Release|Any CPU
	EndGlobalSection
	GlobalSection(ProjectConfigurationPlatforms) = postSolution
		{8541D6BA-401A-4D64-AC18-CEB4132C6493}.Debug|Any CPU.ActiveCfg = Debug|Any CPU
		{8541D6BA-401A-4D64-AC18-CEB4132C6493}.Debug|Any CPU.Build.0 = Debug|Any CPU
		{8541D6BA-401A-4D64-AC18-CEB4132C6493}.Release|Any CPU.ActiveCfg = Release|Any CPU
		{8541D6BA-401A-4D64-AC18-CEB4132C6493}.Release|Any CPU.Build.0 = Release|Any CPU
	EndGlobalSection
	GlobalSection(SolutionProperties) = preSolution
		HideSolutionNode = FALSE
	EndGlobalSection
	GlobalSection(ExtensibilityGlobals) = postSolution
		SolutionGuid = {0D95B6EC-895C-4224-993E-D9CADEB23638}
	EndGlobalSection
EndGlobal
