
Microsoft Visual Studio Solution File, Format Version 12.00
# Visual Studio Version 17
VisualStudioVersion = 17.5.33530.505
MinimumVisualStudioVersion = 10.0.40219.1
Project("{FAE04EC0-301F-11D3-BF4B-00C04F79EFBC}") = "ClntSrvrWk1", "ConsoleApp1\ClntSrvrWk1.csproj", "{8D4A41AD-5142-4958-BEC4-645D0FB27275}"
EndProject
Global
	GlobalSection(SolutionConfigurationPlatforms) = preSolution
		Debug|Any CPU = Debug|Any CPU
		Release|Any CPU = Release|Any CPU
	EndGlobalSection
	GlobalSection(ProjectConfigurationPlatforms) = postSolution
		{8D4A41AD-5142-4958-BEC4-645D0FB27275}.Debug|Any CPU.ActiveCfg = Debug|Any CPU
		{8D4A41AD-5142-4958-BEC4-645D0FB27275}.Debug|Any CPU.Build.0 = Debug|Any CPU
		{8D4A41AD-5142-4958-BEC4-645D0FB27275}.Release|Any CPU.ActiveCfg = Release|Any CPU
		{8D4A41AD-5142-4958-BEC4-645D0FB27275}.Release|Any CPU.Build.0 = Release|Any CPU
	EndGlobalSection
	GlobalSection(SolutionProperties) = preSolution
		HideSolutionNode = FALSE
	EndGlobalSection
	GlobalSection(ExtensibilityGlobals) = postSolution
		SolutionGuid = {2574690F-C7D3-42D9-B4C3-77BC0A9B3457}
	EndGlobalSection
EndGlobal
