
Microsoft Visual Studio Solution File, Format Version 12.00
# Visual Studio Version 17
VisualStudioVersion = 17.5.33530.505
MinimumVisualStudioVersion = 10.0.40219.1
Project("{9A19103F-16F7-4668-BE54-9A1E7A4F7556}") = "ClntSrvr", "ClntSrvrWk1\ClntSrvr.csproj", "{A8739251-DA7F-47CD-8947-DED4A77B72DE}"
EndProject
Global
	GlobalSection(SolutionConfigurationPlatforms) = preSolution
		Debug|Any CPU = Debug|Any CPU
		Release|Any CPU = Release|Any CPU
	EndGlobalSection
	GlobalSection(ProjectConfigurationPlatforms) = postSolution
		{A8739251-DA7F-47CD-8947-DED4A77B72DE}.Debug|Any CPU.ActiveCfg = Debug|Any CPU
		{A8739251-DA7F-47CD-8947-DED4A77B72DE}.Debug|Any CPU.Build.0 = Debug|Any CPU
		{A8739251-DA7F-47CD-8947-DED4A77B72DE}.Release|Any CPU.ActiveCfg = Release|Any CPU
		{A8739251-DA7F-47CD-8947-DED4A77B72DE}.Release|Any CPU.Build.0 = Release|Any CPU
	EndGlobalSection
	GlobalSection(SolutionProperties) = preSolution
		HideSolutionNode = FALSE
	EndGlobalSection
	GlobalSection(ExtensibilityGlobals) = postSolution
		SolutionGuid = {BBED2F55-CFDE-4622-BBF8-EA4AF54FB1FB}
	EndGlobalSection
EndGlobal
